hash: 45063f75224f26886556f8e26c469a6e83aa4db106cc0caf09273b389148af5a
updated: 2017-06-17T12:29:46.8655428+02:00
imports:
- name: github.com/bndr/gopencils
  version: 102f2a4200dcd5b943fcd09fe0098cae05f3b627
- name: github.com/Sirupsen/logrus
  version: ba1b36c82c5e05c4f912a88eab0dcd91a171688f
- name: github.com/smartystreets/goconvey
  version: d4c757aa9afd1e2fc1832aaab209b5794eb336e1
  subpackages:
  - convey
  - convey/gotest
  - convey/reporting
- name: github.com/yuin/gluamapper
  version: d836955830e75240d46ce9f0e6d148d94f2e1d3a
- name: github.com/yuin/gopher-lua
  version: d0d5dd3565a9f3c86ff5bc42a0b1cc9e5bfcf55e
  subpackages:
  - ast
  - parse
  - pm
- name: golang.org/x/sys
  version: c200b10b5d5e122be351b67af224adc6128af5bf
  subpackages:
  - unix
testImports:
- name: github.com/gopherjs/gopherjs
  version: e34a5cd6a1bc7c4fde759f2d3039852fc68b5fcc
  subpackages:
  - js
- name: github.com/jtolds/gls
  version: 8ddce2a84170772b95dd5d576c48d517b22cac63
- name: github.com/smartystreets/assertions
  version: 2063fd1cc7c975db70502811a34b06ad034ccdf2
  subpackages:
  - internal/go-render/render
  - internal/oglematchers
