hash: 8a716f09a3f31b93fb313ed3562de8239e36f59afcb918134cb7e536eee99989
updated: 2016-11-04T17:36:35.6478638+01:00
imports:
- name: github.com/bndr/gopencils
  version: 102f2a4200dcd5b943fcd09fe0098cae05f3b627
- name: github.com/Sirupsen/logrus
  version: d26492970760ca5d33129d2d799e34be5c4782eb
- name: github.com/spf13/viper
  version: 651d9d916abc3c3d6a91a12549495caba5edffd2
- name: github.com/yuin/gopher-lua
  version: d0d5dd3565a9f3c86ff5bc42a0b1cc9e5bfcf55e
testImports: []
